
Microsoft Visual Studio Solution File, Format Version 12.00
# Visual Studio Version 17
VisualStudioVersion = 17.13.35825.156 d17.13
MinimumVisualStudioVersion = 10.0.40219.1
Project("{FAE04EC0-301F-11D3-BF4B-00C04F79EFBC}") = "CarRentalSystem", "CarRentalSystem\CarRentalSystem.csproj", "{7CD1CAE2-B2F6-437B-AF30-24965D34FD58}"
EndProject
Global
	GlobalSection(SolutionConfigurationPlatforms) = preSolution
		Debug|Any CPU = Debug|Any CPU
		Release|Any CPU = Release|Any CPU
	EndGlobalSection
	GlobalSection(ProjectConfigurationPlatforms) = postSolution
		{7CD1CAE2-B2F6-437B-AF30-24965D34FD58}.Debug|Any CPU.ActiveCfg = Debug|Any CPU
		{7CD1CAE2-B2F6-437B-AF30-24965D34FD58}.Debug|Any CPU.Build.0 = Debug|Any CPU
		{7CD1CAE2-B2F6-437B-AF30-24965D34FD58}.Release|Any CPU.ActiveCfg = Release|Any CPU
		{7CD1CAE2-B2F6-437B-AF30-24965D34FD58}.Release|Any CPU.Build.0 = Release|Any CPU
	EndGlobalSection
	GlobalSection(SolutionProperties) = preSolution
		HideSolutionNode = FALSE
	EndGlobalSection
	GlobalSection(ExtensibilityGlobals) = postSolution
		SolutionGuid = {1472BAE1-26F9-4A13-BC0F-DA4BD82D1CD7}
	EndGlobalSection
EndGlobal
